
Microsoft Visual Studio Solution File, Format Version 12.00
# Visual Studio Version 16
VisualStudioVersion = 16.0.30114.105
MinimumVisualStudioVersion = 10.0.40219.1
Project("{FAE04EC0-301F-11D3-BF4B-00C04F79EFBC}") = "StreamingContentLibrary", "StreamingContentLibrary\StreamingContentLibrary.csproj", "{B0AD49F0-2F3E-48AE-AB32-FBD63345727B}"
EndProject
Project("{FAE04EC0-301F-11D3-BF4B-00C04F79EFBC}") = "StreamingContentTests", "StreamingContentTests\StreamingContentTests.csproj", "{7751D1D7-B8AD-4AF7-A80E-6069A155BD0C}"
EndProject
Project("{FAE04EC0-301F-11D3-BF4B-00C04F79EFBC}") = "StreamingContentUI", "StreamingContentUI\StreamingContentUI.csproj", "{824896EF-DA7B-45D2-B98B-645CA17DD47D}"
EndProject
Global
	GlobalSection(SolutionConfigurationPlatforms) = preSolution
		Debug|Any CPU = Debug|Any CPU
		Debug|x64 = Debug|x64
		Debug|x86 = Debug|x86
		Release|Any CPU = Release|Any CPU
		Release|x64 = Release|x64
		Release|x86 = Release|x86
	EndGlobalSection
	GlobalSection(SolutionProperties) = preSolution
		HideSolutionNode = FALSE
	EndGlobalSection
	GlobalSection(ProjectConfigurationPlatforms) = postSolution
		{B0AD49F0-2F3E-48AE-AB32-FBD63345727B}.Debug|Any CPU.ActiveCfg = Debug|Any CPU
		{B0AD49F0-2F3E-48AE-AB32-FBD63345727B}.Debug|Any CPU.Build.0 = Debug|Any CPU
		{B0AD49F0-2F3E-48AE-AB32-FBD63345727B}.Debug|x64.ActiveCfg = Debug|Any CPU
		{B0AD49F0-2F3E-48AE-AB32-FBD63345727B}.Debug|x64.Build.0 = Debug|Any CPU
		{B0AD49F0-2F3E-48AE-AB32-FBD63345727B}.Debug|x86.ActiveCfg = Debug|Any CPU
		{B0AD49F0-2F3E-48AE-AB32-FBD63345727B}.Debug|x86.Build.0 = Debug|Any CPU
		{B0AD49F0-2F3E-48AE-AB32-FBD63345727B}.Release|Any CPU.ActiveCfg = Release|Any CPU
		{B0AD49F0-2F3E-48AE-AB32-FBD63345727B}.Release|Any CPU.Build.0 = Release|Any CPU
		{B0AD49F0-2F3E-48AE-AB32-FBD63345727B}.Release|x64.ActiveCfg = Release|Any CPU
		{B0AD49F0-2F3E-48AE-AB32-FBD63345727B}.Release|x64.Build.0 = Release|Any CPU
		{B0AD49F0-2F3E-48AE-AB32-FBD63345727B}.Release|x86.ActiveCfg = Release|Any CPU
		{B0AD49F0-2F3E-48AE-AB32-FBD63345727B}.Release|x86.Build.0 = Release|Any CPU
		{7751D1D7-B8AD-4AF7-A80E-6069A155BD0C}.Debug|Any CPU.ActiveCfg = Debug|Any CPU
		{7751D1D7-B8AD-4AF7-A80E-6069A155BD0C}.Debug|Any CPU.Build.0 = Debug|Any CPU
		{7751D1D7-B8AD-4AF7-A80E-6069A155BD0C}.Debug|x64.ActiveCfg = Debug|Any CPU
		{7751D1D7-B8AD-4AF7-A80E-6069A155BD0C}.Debug|x64.Build.0 = Debug|Any CPU
		{7751D1D7-B8AD-4AF7-A80E-6069A155BD0C}.Debug|x86.ActiveCfg = Debug|Any CPU
		{7751D1D7-B8AD-4AF7-A80E-6069A155BD0C}.Debug|x86.Build.0 = Debug|Any CPU
		{7751D1D7-B8AD-4AF7-A80E-6069A155BD0C}.Release|Any CPU.ActiveCfg = Release|Any CPU
		{7751D1D7-B8AD-4AF7-A80E-6069A155BD0C}.Release|Any CPU.Build.0 = Release|Any CPU
		{7751D1D7-B8AD-4AF7-A80E-6069A155BD0C}.Release|x64.ActiveCfg = Release|Any CPU
		{7751D1D7-B8AD-4AF7-A80E-6069A155BD0C}.Release|x64.Build.0 = Release|Any CPU
		{7751D1D7-B8AD-4AF7-A80E-6069A155BD0C}.Release|x86.ActiveCfg = Release|Any CPU
		{7751D1D7-B8AD-4AF7-A80E-6069A155BD0C}.Release|x86.Build.0 = Release|Any CPU
		{8F18AFED-1429-49F9-9965-2332994A1CC0}.Debug|Any CPU.ActiveCfg = Debug|Any CPU
		{8F18AFED-1429-49F9-9965-2332994A1CC0}.Debug|Any CPU.Build.0 = Debug|Any CPU
		{8F18AFED-1429-49F9-9965-2332994A1CC0}.Debug|x64.ActiveCfg = Debug|Any CPU
		{8F18AFED-1429-49F9-9965-2332994A1CC0}.Debug|x64.Build.0 = Debug|Any CPU
		{8F18AFED-1429-49F9-9965-2332994A1CC0}.Debug|x86.ActiveCfg = Debug|Any CPU
		{8F18AFED-1429-49F9-9965-2332994A1CC0}.Debug|x86.Build.0 = Debug|Any CPU
		{8F18AFED-1429-49F9-9965-2332994A1CC0}.Release|Any CPU.ActiveCfg = Release|Any CPU
		{8F18AFED-1429-49F9-9965-2332994A1CC0}.Release|Any CPU.Build.0 = Release|Any CPU
		{8F18AFED-1429-49F9-9965-2332994A1CC0}.Release|x64.ActiveCfg = Release|Any CPU
		{8F18AFED-1429-49F9-9965-2332994A1CC0}.Release|x64.Build.0 = Release|Any CPU
		{8F18AFED-1429-49F9-9965-2332994A1CC0}.Release|x86.ActiveCfg = Release|Any CPU
		{8F18AFED-1429-49F9-9965-2332994A1CC0}.Release|x86.Build.0 = Release|Any CPU
		{A0E210CF-79CE-4A50-951C-97F2435DCC65}.Debug|Any CPU.ActiveCfg = Debug|Any CPU
		{A0E210CF-79CE-4A50-951C-97F2435DCC65}.Debug|Any CPU.Build.0 = Debug|Any CPU
		{A0E210CF-79CE-4A50-951C-97F2435DCC65}.Debug|x64.ActiveCfg = Debug|Any CPU
		{A0E210CF-79CE-4A50-951C-97F2435DCC65}.Debug|x64.Build.0 = Debug|Any CPU
		{A0E210CF-79CE-4A50-951C-97F2435DCC65}.Debug|x86.ActiveCfg = Debug|Any CPU
		{A0E210CF-79CE-4A50-951C-97F2435DCC65}.Debug|x86.Build.0 = Debug|Any CPU
		{A0E210CF-79CE-4A50-951C-97F2435DCC65}.Release|Any CPU.ActiveCfg = Release|Any CPU
		{A0E210CF-79CE-4A50-951C-97F2435DCC65}.Release|Any CPU.Build.0 = Release|Any CPU
		{A0E210CF-79CE-4A50-951C-97F2435DCC65}.Release|x64.ActiveCfg = Release|Any CPU
		{A0E210CF-79CE-4A50-951C-97F2435DCC65}.Release|x64.Build.0 = Release|Any CPU
		{A0E210CF-79CE-4A50-951C-97F2435DCC65}.Release|x86.ActiveCfg = Release|Any CPU
		{A0E210CF-79CE-4A50-951C-97F2435DCC65}.Release|x86.Build.0 = Release|Any CPU
		{824896EF-DA7B-45D2-B98B-645CA17DD47D}.Debug|Any CPU.ActiveCfg = Debug|Any CPU
		{824896EF-DA7B-45D2-B98B-645CA17DD47D}.Debug|Any CPU.Build.0 = Debug|Any CPU
		{824896EF-DA7B-45D2-B98B-645CA17DD47D}.Debug|x64.ActiveCfg = Debug|Any CPU
		{824896EF-DA7B-45D2-B98B-645CA17DD47D}.Debug|x64.Build.0 = Debug|Any CPU
		{824896EF-DA7B-45D2-B98B-645CA17DD47D}.Debug|x86.ActiveCfg = Debug|Any CPU
		{824896EF-DA7B-45D2-B98B-645CA17DD47D}.Debug|x86.Build.0 = Debug|Any CPU
		{824896EF-DA7B-45D2-B98B-645CA17DD47D}.Release|Any CPU.ActiveCfg = Release|Any CPU
		{824896EF-DA7B-45D2-B98B-645CA17DD47D}.Release|Any CPU.Build.0 = Release|Any CPU
		{824896EF-DA7B-45D2-B98B-645CA17DD47D}.Release|x64.ActiveCfg = Release|Any CPU
		{824896EF-DA7B-45D2-B98B-645CA17DD47D}.Release|x64.Build.0 = Release|Any CPU
		{824896EF-DA7B-45D2-B98B-645CA17DD47D}.Release|x86.ActiveCfg = Release|Any CPU
		{824896EF-DA7B-45D2-B98B-645CA17DD47D}.Release|x86.Build.0 = Release|Any CPU
	EndGlobalSection
EndGlobal
